
Microsoft Visual Studio Solution File, Format Version 12.00
# Visual Studio 14
VisualStudioVersion = 14.0.25420.1
MinimumVisualStudioVersion = 10.0.40219.1
Project("{2150E333-8FDC-42A3-9474-1A3956D46DE8}") = "src", "src", "{6862F17C-C4A9-4F41-A7A4-35D23684CFFD}"
EndProject
Project("{2150E333-8FDC-42A3-9474-1A3956D46DE8}") = "Solution Items", "Solution Items", "{8B77BF61-B098-453B-B1DA-FD16AEA39D57}"
	ProjectSection(SolutionItems) = preProject
		global.json = global.json
	EndProjectSection
EndProject
Project("{8BB2217D-0F2D-49D1-97BC-3654ED321F3B}") = "BloggingTools", "src\BloggingTools\BloggingTools.xproj", "{729080FB-6DEA-47A5-9F52-E26F5780B5A3}"
EndProject
Project("{8BB2217D-0F2D-49D1-97BC-3654ED321F3B}") = "BloggingUtilities", "src\BloggingUtilities\BloggingUtilities.xproj", "{E66A214E-9E04-46E9-B84F-9F8D6B6F38F8}"
EndProject
Global
	GlobalSection(SolutionConfigurationPlatforms) = preSolution
		Debug|Any CPU = Debug|Any CPU
		Release|Any CPU = Release|Any CPU
	EndGlobalSection
	GlobalSection(ProjectConfigurationPlatforms) = postSolution
		{729080FB-6DEA-47A5-9F52-E26F5780B5A3}.Debug|Any CPU.ActiveCfg = Debug|Any CPU
		{729080FB-6DEA-47A5-9F52-E26F5780B5A3}.Debug|Any CPU.Build.0 = Debug|Any CPU
		{729080FB-6DEA-47A5-9F52-E26F5780B5A3}.Release|Any CPU.ActiveCfg = Release|Any CPU
		{729080FB-6DEA-47A5-9F52-E26F5780B5A3}.Release|Any CPU.Build.0 = Release|Any CPU
		{E66A214E-9E04-46E9-B84F-9F8D6B6F38F8}.Debug|Any CPU.ActiveCfg = Debug|Any CPU
		{E66A214E-9E04-46E9-B84F-9F8D6B6F38F8}.Debug|Any CPU.Build.0 = Debug|Any CPU
		{E66A214E-9E04-46E9-B84F-9F8D6B6F38F8}.Release|Any CPU.ActiveCfg = Release|Any CPU
		{E66A214E-9E04-46E9-B84F-9F8D6B6F38F8}.Release|Any CPU.Build.0 = Release|Any CPU
	EndGlobalSection
	GlobalSection(SolutionProperties) = preSolution
		HideSolutionNode = FALSE
	EndGlobalSection
	GlobalSection(NestedProjects) = preSolution
		{729080FB-6DEA-47A5-9F52-E26F5780B5A3} = {6862F17C-C4A9-4F41-A7A4-35D23684CFFD}
		{E66A214E-9E04-46E9-B84F-9F8D6B6F38F8} = {6862F17C-C4A9-4F41-A7A4-35D23684CFFD}
	EndGlobalSection
EndGlobal
